
Microsoft Visual Studio Solution File, Format Version 12.00
# Visual Studio Version 17
VisualStudioVersion = 17.12.35527.113 d17.12
MinimumVisualStudioVersion = 10.0.40219.1
Project("{FAE04EC0-301F-11D3-BF4B-00C04F79EFBC}") = "CardRegistryApi", "CardRegistryApi.csproj", "{84514D60-7063-42E6-9DCD-2CFBC4AB23C2}"
EndProject
Project("{FAE04EC0-301F-11D3-BF4B-00C04F79EFBC}") = "Domain", "..\Domain\Domain.csproj", "{5355E162-268F-4E28-8097-78BAC244901A}"
EndProject
Project("{FAE04EC0-301F-11D3-BF4B-00C04F79EFBC}") = "Infrastructure", "..\Infrastructure\Infrastructure.csproj", "{20D78521-9E4E-40A2-B52B-BDA2814AD833}"
EndProject
Project("{FAE04EC0-301F-11D3-BF4B-00C04F79EFBC}") = "Application", "..\Application\Application.csproj", "{D1FE1CB2-EE40-49E7-9B69-DAE1921B56C5}"
EndProject
Global
	GlobalSection(SolutionConfigurationPlatforms) = preSolution
		Debug|Any CPU = Debug|Any CPU
		Release|Any CPU = Release|Any CPU
	EndGlobalSection
	GlobalSection(ProjectConfigurationPlatforms) = postSolution
		{84514D60-7063-42E6-9DCD-2CFBC4AB23C2}.Debug|Any CPU.ActiveCfg = Debug|Any CPU
		{84514D60-7063-42E6-9DCD-2CFBC4AB23C2}.Debug|Any CPU.Build.0 = Debug|Any CPU
		{84514D60-7063-42E6-9DCD-2CFBC4AB23C2}.Release|Any CPU.ActiveCfg = Release|Any CPU
		{84514D60-7063-42E6-9DCD-2CFBC4AB23C2}.Release|Any CPU.Build.0 = Release|Any CPU
		{5355E162-268F-4E28-8097-78BAC244901A}.Debug|Any CPU.ActiveCfg = Debug|Any CPU
		{5355E162-268F-4E28-8097-78BAC244901A}.Debug|Any CPU.Build.0 = Debug|Any CPU
		{5355E162-268F-4E28-8097-78BAC244901A}.Release|Any CPU.ActiveCfg = Release|Any CPU
		{5355E162-268F-4E28-8097-78BAC244901A}.Release|Any CPU.Build.0 = Release|Any CPU
		{20D78521-9E4E-40A2-B52B-BDA2814AD833}.Debug|Any CPU.ActiveCfg = Debug|Any CPU
		{20D78521-9E4E-40A2-B52B-BDA2814AD833}.Debug|Any CPU.Build.0 = Debug|Any CPU
		{20D78521-9E4E-40A2-B52B-BDA2814AD833}.Release|Any CPU.ActiveCfg = Release|Any CPU
		{20D78521-9E4E-40A2-B52B-BDA2814AD833}.Release|Any CPU.Build.0 = Release|Any CPU
		{D1FE1CB2-EE40-49E7-9B69-DAE1921B56C5}.Debug|Any CPU.ActiveCfg = Debug|Any CPU
		{D1FE1CB2-EE40-49E7-9B69-DAE1921B56C5}.Debug|Any CPU.Build.0 = Debug|Any CPU
		{D1FE1CB2-EE40-49E7-9B69-DAE1921B56C5}.Release|Any CPU.ActiveCfg = Release|Any CPU
		{D1FE1CB2-EE40-49E7-9B69-DAE1921B56C5}.Release|Any CPU.Build.0 = Release|Any CPU
	EndGlobalSection
	GlobalSection(SolutionProperties) = preSolution
		HideSolutionNode = FALSE
	EndGlobalSection
EndGlobal
